// !$*UTF8*$!
{
	archiveVersion = 1;
	classes = {
	};
	objectVersion = 46;
	objects = {

/* Begin PBXBuildFile section */
		1982C541173BC78D00665C7F /* UIKit.framework in Frameworks */ = {isa = PBXBuildFile; fileRef = 1982C540173BC78D00665C7F /* UIKit.framework */; };
		1982C543173BC78D00665C7F /* Foundation.framework in Frameworks */ = {isa = PBXBuildFile; fileRef = 1982C542173BC78D00665C7F /* Foundation.framework */; };
		1982C545173BC78D00665C7F /* CoreGraphics.framework in Frameworks */ = {isa = PBXBuildFile; fileRef = 1982C544173BC78D00665C7F /* CoreGraphics.framework */; };
		1982C547173BC78D00665C7F /* CoreData.framework in Frameworks */ = {isa = PBXBuildFile; fileRef = 1982C546173BC78D00665C7F /* CoreData.framework */; };
		1982C54D173BC78D00665C7F /* InfoPlist.strings in Resources */ = {isa = PBXBuildFile; fileRef = 1982C54B173BC78D00665C7F /* InfoPlist.strings */; };
		1982C54F173BC78D00665C7F /* main.m in Sources */ = {isa = PBXBuildFile; fileRef = 1982C54E173BC78D00665C7F /* main.m */; };
		1982C553173BC78D00665C7F /* AppDelegate.m in Sources */ = {isa = PBXBuildFile; fileRef = 1982C552173BC78D00665C7F /* AppDelegate.m */; };
		1982C555173BC78D00665C7F /* Default.png in Resources */ = {isa = PBXBuildFile; fileRef = 1982C554173BC78D00665C7F /* Default.png */; };
		1982C557173BC78D00665C7F /* Default@2x.png in Resources */ = {isa = PBXBuildFile; fileRef = 1982C556173BC78D00665C7F /* Default@2x.png */; };
		1982C559173BC78D00665C7F /* Default-568h@2x.png in Resources */ = {isa = PBXBuildFile; fileRef = 1982C558173BC78D00665C7F /* Default-568h@2x.png */; };
		1982C564173BC7AF00665C7F /* LoginViewController.m in Sources */ = {isa = PBXBuildFile; fileRef = 1982C563173BC7AF00665C7F /* LoginViewController.m */; };
		1982C566173BC7D000665C7F /* MainStoryboard.storyboard in Resources */ = {isa = PBXBuildFile; fileRef = 1982C565173BC7D000665C7F /* MainStoryboard.storyboard */; };
		1982C597173BD3A100665C7F /* iFlottaDataModel.xcdatamodeld in Sources */ = {isa = PBXBuildFile; fileRef = 1982C595173BD3A100665C7F /* iFlottaDataModel.xcdatamodeld */; };
		1982C5A3173BE96800665C7F /* Munkatipus.m in Sources */ = {isa = PBXBuildFile; fileRef = 1982C5A2173BE96800665C7F /* Munkatipus.m */; };
		1982C5A6173BE96A00665C7F /* Munkaeszkoz.m in Sources */ = {isa = PBXBuildFile; fileRef = 1982C5A5173BE96A00665C7F /* Munkaeszkoz.m */; };
		1982C5A9173BE96B00665C7F /* Munkakep.m in Sources */ = {isa = PBXBuildFile; fileRef = 1982C5A8173BE96B00665C7F /* Munkakep.m */; };
		1982C5AC173BE96B00665C7F /* Telephely.m in Sources */ = {isa = PBXBuildFile; fileRef = 1982C5AB173BE96B00665C7F /* Telephely.m */; };
		1982C5AF173BE96C00665C7F /* Profilkep.m in Sources */ = {isa = PBXBuildFile; fileRef = 1982C5AE173BE96C00665C7F /* Profilkep.m */; };
		1982C5B2173BE96D00665C7F /* Munka.m in Sources */ = {isa = PBXBuildFile; fileRef = 1982C5B1173BE96C00665C7F /* Munka.m */; };
		1982C5B5173BE96D00665C7F /* Partnerkepek.m in Sources */ = {isa = PBXBuildFile; fileRef = 1982C5B4173BE96D00665C7F /* Partnerkepek.m */; };
		1982C5B8173BE96E00665C7F /* Sofor.m in Sources */ = {isa = PBXBuildFile; fileRef = 1982C5B7173BE96E00665C7F /* Sofor.m */; };
		1982C5BB173BE96E00665C7F /* Auto.m in Sources */ = {isa = PBXBuildFile; fileRef = 1982C5BA173BE96E00665C7F /* Auto.m */; };
		1982C5BE173BE96F00665C7F /* Autokep.m in Sources */ = {isa = PBXBuildFile; fileRef = 1982C5BD173BE96F00665C7F /* Autokep.m */; };
		1982C5C1173BE97000665C7F /* Partner.m in Sources */ = {isa = PBXBuildFile; fileRef = 1982C5C0173BE96F00665C7F /* Partner.m */; };
		1982C5C5173C1B2800665C7F /* DataBaseUtil.m in Sources */ = {isa = PBXBuildFile; fileRef = 1982C5C4173C1B2800665C7F /* DataBaseUtil.m */; };
		19BBA209173DB86500631B16 /* SiteViewController.m in Sources */ = {isa = PBXBuildFile; fileRef = 19BBA208173DB86500631B16 /* SiteViewController.m */; };
		19BBA20C173DBC2D00631B16 /* DriverViewController.m in Sources */ = {isa = PBXBuildFile; fileRef = 19BBA20B173DBC2D00631B16 /* DriverViewController.m */; };
		19BBA20F173DBCE700631B16 /* PartnerViewController.m in Sources */ = {isa = PBXBuildFile; fileRef = 19BBA20E173DBCE700631B16 /* PartnerViewController.m */; };
		19C51E57173C6D920000B353 /* JsonUtil.m in Sources */ = {isa = PBXBuildFile; fileRef = 19C51E56173C6D920000B353 /* JsonUtil.m */; };
		19C51E5A173C84F30000B353 /* MainPageNavigationViewController.m in Sources */ = {isa = PBXBuildFile; fileRef = 19C51E59173C84F30000B353 /* MainPageNavigationViewController.m */; };
		19C51E5D173C89030000B353 /* MainPageTableViewController.m in Sources */ = {isa = PBXBuildFile; fileRef = 19C51E5C173C89030000B353 /* MainPageTableViewController.m */; };
		19C649FF173D3DF4005B7F2A /* MainTableViewCell.m in Sources */ = {isa = PBXBuildFile; fileRef = 19C649FE173D3DF4005B7F2A /* MainTableViewCell.m */; };
		19C64A01173D44F1005B7F2A /* autok.png in Resources */ = {isa = PBXBuildFile; fileRef = 19C64A00173D44F1005B7F2A /* autok.png */; };
		19C64A03173D4543005B7F2A /* kontaktok.png in Resources */ = {isa = PBXBuildFile; fileRef = 19C64A02173D4543005B7F2A /* kontaktok.png */; };
		19C64A05173D45AD005B7F2A /* navigacio.png in Resources */ = {isa = PBXBuildFile; fileRef = 19C64A04173D45AD005B7F2A /* navigacio.png */; };
		19C64A0B173D5A9C005B7F2A /* CarsViewController.m in Sources */ = {isa = PBXBuildFile; fileRef = 19C64A0A173D5A9C005B7F2A /* CarsViewController.m */; };
		19C64A11173D5FCF005B7F2A /* JobsViewController.m in Sources */ = {isa = PBXBuildFile; fileRef = 19C64A10173D5FCE005B7F2A /* JobsViewController.m */; };
		19C64A14173D7646005B7F2A /* ContactTabBarController.m in Sources */ = {isa = PBXBuildFile; fileRef = 19C64A13173D7646005B7F2A /* ContactTabBarController.m */; };
		19C64A17173D772D005B7F2A /* AdminPageViewController.m in Sources */ = {isa = PBXBuildFile; fileRef = 19C64A16173D772C005B7F2A /* AdminPageViewController.m */; };
/* End PBXBuildFile section */

/* Begin PBXFileReference section */
		1982C53D173BC78D00665C7F /* iFlott.app */ = {isa = PBXFileReference; explicitFileType = wrapper.application; includeInIndex = 0; path = iFlott.app; sourceTree = BUILT_PRODUCTS_DIR; };
		1982C540173BC78D00665C7F /* UIKit.framework */ = {isa = PBXFileReference; lastKnownFileType = wrapper.framework; name = UIKit.framework; path = System/Library/Frameworks/UIKit.framework; sourceTree = SDKROOT; };
		1982C542173BC78D00665C7F /* Foundation.framework */ = {isa = PBXFileReference; lastKnownFileType = wrapper.framework; name = Foundation.framework; path = System/Library/Frameworks/Foundation.framework; sourceTree = SDKROOT; };
		1982C544173BC78D00665C7F /* CoreGraphics.framework */ = {isa = PBXFileReference; lastKnownFileType = wrapper.framework; name = CoreGraphics.framework; path = System/Library/Frameworks/CoreGraphics.framework; sourceTree = SDKROOT; };
		1982C546173BC78D00665C7F /* CoreData.framework */ = {isa = PBXFileReference; lastKnownFileType = wrapper.framework; name = CoreData.framework; path = System/Library/Frameworks/CoreData.framework; sourceTree = SDKROOT; };
		1982C54A173BC78D00665C7F /* iFlott-Info.plist */ = {isa = PBXFileReference; lastKnownFileType = text.plist.xml; path = "iFlott-Info.plist"; sourceTree = "<group>"; };
		1982C54C173BC78D00665C7F /* en */ = {isa = PBXFileReference; lastKnownFileType = text.plist.strings; name = en; path = en.lproj/InfoPlist.strings; sourceTree = "<group>"; };
		1982C54E173BC78D00665C7F /* main.m */ = {isa = PBXFileReference; lastKnownFileType = sourcecode.c.objc; path = main.m; sourceTree = "<group>"; };
		1982C550173BC78D00665C7F /* iFlott-Prefix.pch */ = {isa = PBXFileReference; lastKnownFileType = sourcecode.c.h; path = "iFlott-Prefix.pch"; sourceTree = "<group>"; };
		1982C551173BC78D00665C7F /* AppDelegate.h */ = {isa = PBXFileReference; lastKnownFileType = sourcecode.c.h; path = AppDelegate.h; sourceTree = "<group>"; };
		1982C552173BC78D00665C7F /* AppDelegate.m */ = {isa = PBXFileReference; lastKnownFileType = sourcecode.c.objc; path = AppDelegate.m; sourceTree = "<group>"; };
		1982C554173BC78D00665C7F /* Default.png */ = {isa = PBXFileReference; lastKnownFileType = image.png; path = Default.png; sourceTree = "<group>"; };
		1982C556173BC78D00665C7F /* Default@2x.png */ = {isa = PBXFileReference; lastKnownFileType = image.png; path = "Default@2x.png"; sourceTree = "<group>"; };
		1982C558173BC78D00665C7F /* Default-568h@2x.png */ = {isa = PBXFileReference; lastKnownFileType = image.png; path = "Default-568h@2x.png"; sourceTree = "<group>"; };
		1982C562173BC7AF00665C7F /* LoginViewController.h */ = {isa = PBXFileReference; fileEncoding = 4; lastKnownFileType = sourcecode.c.h; name = LoginViewController.h; path = ../LoginViewController.h; sourceTree = "<group>"; };
		1982C563173BC7AF00665C7F /* LoginViewController.m */ = {isa = PBXFileReference; fileEncoding = 4; lastKnownFileType = sourcecode.c.objc; name = LoginViewController.m; path = ../LoginViewController.m; sourceTree = "<group>"; };
		1982C565173BC7D000665C7F /* MainStoryboard.storyboard */ = {isa = PBXFileReference; fileEncoding = 4; lastKnownFileType = file.storyboard; path = MainStoryboard.storyboard; sourceTree = "<group>"; };
		1982C596173BD3A100665C7F /* iFlottaDataModel.xcdatamodel */ = {isa = PBXFileReference; lastKnownFileType = wrapper.xcdatamodel; path = iFlottaDataModel.xcdatamodel; sourceTree = "<group>"; };
		1982C5A1173BE96800665C7F /* Munkatipus.h */ = {isa = PBXFileReference; fileEncoding = 4; lastKnownFileType = sourcecode.c.h; path = Munkatipus.h; sourceTree = "<group>"; };
		1982C5A2173BE96800665C7F /* Munkatipus.m */ = {isa = PBXFileReference; fileEncoding = 4; lastKnownFileType = sourcecode.c.objc; path = Munkatipus.m; sourceTree = "<group>"; };
		1982C5A4173BE96A00665C7F /* Munkaeszkoz.h */ = {isa = PBXFileReference; fileEncoding = 4; lastKnownFileType = sourcecode.c.h; path = Munkaeszkoz.h; sourceTree = "<group>"; };
		1982C5A5173BE96A00665C7F /* Munkaeszkoz.m */ = {isa = PBXFileReference; fileEncoding = 4; lastKnownFileType = sourcecode.c.objc; path = Munkaeszkoz.m; sourceTree = "<group>"; };
		1982C5A7173BE96A00665C7F /* Munkakep.h */ = {isa = PBXFileReference; fileEncoding = 4; lastKnownFileType = sourcecode.c.h; path = Munkakep.h; sourceTree = "<group>"; };
		1982C5A8173BE96B00665C7F /* Munkakep.m */ = {isa = PBXFileReference; fileEncoding = 4; lastKnownFileType = sourcecode.c.objc; path = Munkakep.m; sourceTree = "<group>"; };
		1982C5AA173BE96B00665C7F /* Telephely.h */ = {isa = PBXFileReference; fileEncoding = 4; lastKnownFileType = sourcecode.c.h; path = Telephely.h; sourceTree = "<group>"; };
		1982C5AB173BE96B00665C7F /* Telephely.m */ = {isa = PBXFileReference; fileEncoding = 4; lastKnownFileType = sourcecode.c.objc; path = Telephely.m; sourceTree = "<group>"; };
		1982C5AD173BE96B00665C7F /* Profilkep.h */ = {isa = PBXFileReference; fileEncoding = 4; lastKnownFileType = sourcecode.c.h; path = Profilkep.h; sourceTree = "<group>"; };
		1982C5AE173BE96C00665C7F /* Profilkep.m */ = {isa = PBXFileReference; fileEncoding = 4; lastKnownFileType = sourcecode.c.objc; path = Profilkep.m; sourceTree = "<group>"; };
		1982C5B0173BE96C00665C7F /* Munka.h */ = {isa = PBXFileReference; fileEncoding = 4; lastKnownFileType = sourcecode.c.h; path = Munka.h; sourceTree = "<group>"; };
		1982C5B1173BE96C00665C7F /* Munka.m */ = {isa = PBXFileReference; fileEncoding = 4; lastKnownFileType = sourcecode.c.objc; path = Munka.m; sourceTree = "<group>"; };
		1982C5B3173BE96D00665C7F /* Partnerkepek.h */ = {isa = PBXFileReference; fileEncoding = 4; lastKnownFileType = sourcecode.c.h; path = Partnerkepek.h; sourceTree = "<group>"; };
		1982C5B4173BE96D00665C7F /* Partnerkepek.m */ = {isa = PBXFileReference; fileEncoding = 4; lastKnownFileType = sourcecode.c.objc; path = Partnerkepek.m; sourceTree = "<group>"; };
		1982C5B6173BE96D00665C7F /* Sofor.h */ = {isa = PBXFileReference; fileEncoding = 4; lastKnownFileType = sourcecode.c.h; path = Sofor.h; sourceTree = "<group>"; };
		1982C5B7173BE96E00665C7F /* Sofor.m */ = {isa = PBXFileReference; fileEncoding = 4; lastKnownFileType = sourcecode.c.objc; path = Sofor.m; sourceTree = "<group>"; };
		1982C5B9173BE96E00665C7F /* Auto.h */ = {isa = PBXFileReference; fileEncoding = 4; lastKnownFileType = sourcecode.c.h; path = Auto.h; sourceTree = "<group>"; };
		1982C5BA173BE96E00665C7F /* Auto.m */ = {isa = PBXFileReference; fileEncoding = 4; lastKnownFileType = sourcecode.c.objc; path = Auto.m; sourceTree = "<group>"; };
		1982C5BC173BE96E00665C7F /* Autokep.h */ = {isa = PBXFileReference; fileEncoding = 4; lastKnownFileType = sourcecode.c.h; path = Autokep.h; sourceTree = "<group>"; };
		1982C5BD173BE96F00665C7F /* Autokep.m */ = {isa = PBXFileReference; fileEncoding = 4; lastKnownFileType = sourcecode.c.objc; path = Autokep.m; sourceTree = "<group>"; };
		1982C5BF173BE96F00665C7F /* Partner.h */ = {isa = PBXFileReference; fileEncoding = 4; lastKnownFileType = sourcecode.c.h; path = Partner.h; sourceTree = "<group>"; };
		1982C5C0173BE96F00665C7F /* Partner.m */ = {isa = PBXFileReference; fileEncoding = 4; lastKnownFileType = sourcecode.c.objc; path = Partner.m; sourceTree = "<group>"; };
		1982C5C3173C1B2700665C7F /* DataBaseUtil.h */ = {isa = PBXFileReference; fileEncoding = 4; lastKnownFileType = sourcecode.c.h; path = DataBaseUtil.h; sourceTree = "<group>"; };
		1982C5C4173C1B2800665C7F /* DataBaseUtil.m */ = {isa = PBXFileReference; fileEncoding = 4; lastKnownFileType = sourcecode.c.objc; path = DataBaseUtil.m; sourceTree = "<group>"; };
		19BBA207173DB86500631B16 /* SiteViewController.h */ = {isa = PBXFileReference; fileEncoding = 4; lastKnownFileType = sourcecode.c.h; path = SiteViewController.h; sourceTree = "<group>"; };
		19BBA208173DB86500631B16 /* SiteViewController.m */ = {isa = PBXFileReference; fileEncoding = 4; lastKnownFileType = sourcecode.c.objc; path = SiteViewController.m; sourceTree = "<group>"; };
		19BBA20A173DBC2D00631B16 /* DriverViewController.h */ = {isa = PBXFileReference; fileEncoding = 4; lastKnownFileType = sourcecode.c.h; path = DriverViewController.h; sourceTree = "<group>"; };
		19BBA20B173DBC2D00631B16 /* DriverViewController.m */ = {isa = PBXFileReference; fileEncoding = 4; lastKnownFileType = sourcecode.c.objc; path = DriverViewController.m; sourceTree = "<group>"; };
		19BBA20D173DBCE700631B16 /* PartnerViewController.h */ = {isa = PBXFileReference; fileEncoding = 4; lastKnownFileType = sourcecode.c.h; path = PartnerViewController.h; sourceTree = "<group>"; };
		19BBA20E173DBCE700631B16 /* PartnerViewController.m */ = {isa = PBXFileReference; fileEncoding = 4; lastKnownFileType = sourcecode.c.objc; path = PartnerViewController.m; sourceTree = "<group>"; };
		19C51E55173C6D920000B353 /* JsonUtil.h */ = {isa = PBXFileReference; fileEncoding = 4; lastKnownFileType = sourcecode.c.h; path = JsonUtil.h; sourceTree = "<group>"; };
		19C51E56173C6D920000B353 /* JsonUtil.m */ = {isa = PBXFileReference; fileEncoding = 4; lastKnownFileType = sourcecode.c.objc; path = JsonUtil.m; sourceTree = "<group>"; };
		19C51E58173C84F30000B353 /* MainPageNavigationViewController.h */ = {isa = PBXFileReference; fileEncoding = 4; lastKnownFileType = sourcecode.c.h; path = MainPageNavigationViewController.h; sourceTree = "<group>"; };
		19C51E59173C84F30000B353 /* MainPageNavigationViewController.m */ = {isa = PBXFileReference; fileEncoding = 4; lastKnownFileType = sourcecode.c.objc; path = MainPageNavigationViewController.m; sourceTree = "<group>"; };
		19C51E5B173C89030000B353 /* MainPageTableViewController.h */ = {isa = PBXFileReference; fileEncoding = 4; lastKnownFileType = sourcecode.c.h; path = MainPageTableViewController.h; sourceTree = "<group>"; };
		19C51E5C173C89030000B353 /* MainPageTableViewController.m */ = {isa = PBXFileReference; fileEncoding = 4; lastKnownFileType = sourcecode.c.objc; path = MainPageTableViewController.m; sourceTree = "<group>"; };
		19C649FD173D3DF4005B7F2A /* MainTableViewCell.h */ = {isa = PBXFileReference; fileEncoding = 4; lastKnownFileType = sourcecode.c.h; path = MainTableViewCell.h; sourceTree = "<group>"; };
		19C649FE173D3DF4005B7F2A /* MainTableViewCell.m */ = {isa = PBXFileReference; fileEncoding = 4; lastKnownFileType = sourcecode.c.objc; path = MainTableViewCell.m; sourceTree = "<group>"; };
		19C64A00173D44F1005B7F2A /* autok.png */ = {isa = PBXFileReference; lastKnownFileType = image.png; path = autok.png; sourceTree = "<group>"; };
		19C64A02173D4543005B7F2A /* kontaktok.png */ = {isa = PBXFileReference; lastKnownFileType = image.png; path = kontaktok.png; sourceTree = "<group>"; };
		19C64A04173D45AD005B7F2A /* navigacio.png */ = {isa = PBXFileReference; lastKnownFileType = image.png; path = navigacio.png; sourceTree = "<group>"; };
		19C64A09173D5A9C005B7F2A /* CarsViewController.h */ = {isa = PBXFileReference; fileEncoding = 4; lastKnownFileType = sourcecode.c.h; path = CarsViewController.h; sourceTree = "<group>"; };
		19C64A0A173D5A9C005B7F2A /* CarsViewController.m */ = {isa = PBXFileReference; fileEncoding = 4; lastKnownFileType = sourcecode.c.objc; path = CarsViewController.m; sourceTree = "<group>"; };
		19C64A0F173D5FCE005B7F2A /* JobsViewController.h */ = {isa = PBXFileReference; fileEncoding = 4; lastKnownFileType = sourcecode.c.h; path = JobsViewController.h; sourceTree = "<group>"; };
		19C64A10173D5FCE005B7F2A /* JobsViewController.m */ = {isa = PBXFileReference; fileEncoding = 4; lastKnownFileType = sourcecode.c.objc; path = JobsViewController.m; sourceTree = "<group>"; };
		19C64A12173D7646005B7F2A /* ContactTabBarController.h */ = {isa = PBXFileReference; fileEncoding = 4; lastKnownFileType = sourcecode.c.h; path = ContactTabBarController.h; sourceTree = "<group>"; };
		19C64A13173D7646005B7F2A /* ContactTabBarController.m */ = {isa = PBXFileReference; fileEncoding = 4; lastKnownFileType = sourcecode.c.objc; path = ContactTabBarController.m; sourceTree = "<group>"; };
		19C64A15173D772C005B7F2A /* AdminPageViewController.h */ = {isa = PBXFileReference; fileEncoding = 4; lastKnownFileType = sourcecode.c.h; path = AdminPageViewController.h; sourceTree = "<group>"; };
		19C64A16173D772C005B7F2A /* AdminPageViewController.m */ = {isa = PBXFileReference; fileEncoding = 4; lastKnownFileType = sourcecode.c.objc; path = AdminPageViewController.m; sourceTree = "<group>"; };
/* End PBXFileReference section */

/* Begin PBXFrameworksBuildPhase section */
		1982C53A173BC78D00665C7F /* Frameworks */ = {
			isa = PBXFrameworksBuildPhase;
			buildActionMask = 2147483647;
			files = (
				1982C541173BC78D00665C7F /* UIKit.framework in Frameworks */,
				1982C543173BC78D00665C7F /* Foundation.framework in Frameworks */,
				1982C545173BC78D00665C7F /* CoreGraphics.framework in Frameworks */,
				1982C547173BC78D00665C7F /* CoreData.framework in Frameworks */,
			);
			runOnlyForDeploymentPostprocessing = 0;
		};
/* End PBXFrameworksBuildPhase section */

/* Begin PBXGroup section */
		1982C534173BC78D00665C7F = {
			isa = PBXGroup;
			children = (
				1982C548173BC78D00665C7F /* iFlotta */,
				1982C53F173BC78D00665C7F /* Frameworks */,
				1982C53E173BC78D00665C7F /* Products */,
			);
			sourceTree = "<group>";
		};
		1982C53E173BC78D00665C7F /* Products */ = {
			isa = PBXGroup;
			children = (
				1982C53D173BC78D00665C7F /* iFlott.app */,
			);
			name = Products;
			sourceTree = "<group>";
		};
		1982C53F173BC78D00665C7F /* Frameworks */ = {
			isa = PBXGroup;
			children = (
				1982C540173BC78D00665C7F /* UIKit.framework */,
				1982C542173BC78D00665C7F /* Foundation.framework */,
				1982C544173BC78D00665C7F /* CoreGraphics.framework */,
				1982C546173BC78D00665C7F /* CoreData.framework */,
			);
			name = Frameworks;
			sourceTree = "<group>";
		};
		1982C548173BC78D00665C7F /* iFlotta */ = {
			isa = PBXGroup;
			children = (
				19C64A18173D7AFB005B7F2A /* Resources */,
				1982C565173BC7D000665C7F /* MainStoryboard.storyboard */,
				1982C551173BC78D00665C7F /* AppDelegate.h */,
				1982C552173BC78D00665C7F /* AppDelegate.m */,
				19C51E5E173C90F30000B353 /* ViewController */,
				1982C56A173BCA0700665C7F /* Utils */,
				1982C549173BC78D00665C7F /* Supporting Files */,
				1982C5C2173BEF5700665C7F /* Model */,
			);
			path = iFlotta;
			sourceTree = "<group>";
		};
		1982C549173BC78D00665C7F /* Supporting Files */ = {
			isa = PBXGroup;
			children = (
				1982C595173BD3A100665C7F /* iFlottaDataModel.xcdatamodeld */,
				1982C54A173BC78D00665C7F /* iFlott-Info.plist */,
				1982C54B173BC78D00665C7F /* InfoPlist.strings */,
				1982C54E173BC78D00665C7F /* main.m */,
				1982C550173BC78D00665C7F /* iFlott-Prefix.pch */,
				1982C554173BC78D00665C7F /* Default.png */,
				1982C556173BC78D00665C7F /* Default@2x.png */,
				1982C558173BC78D00665C7F /* Default-568h@2x.png */,
			);
			name = "Supporting Files";
			sourceTree = "<group>";
		};
		1982C56A173BCA0700665C7F /* Utils */ = {
			isa = PBXGroup;
			children = (
				1982C5C3173C1B2700665C7F /* DataBaseUtil.h */,
				1982C5C4173C1B2800665C7F /* DataBaseUtil.m */,
				19C51E55173C6D920000B353 /* JsonUtil.h */,
				19C51E56173C6D920000B353 /* JsonUtil.m */,
			);
			name = Utils;
			sourceTree = "<group>";
		};
		1982C5C2173BEF5700665C7F /* Model */ = {
			isa = PBXGroup;
			children = (
				1982C5BF173BE96F00665C7F /* Partner.h */,
				1982C5C0173BE96F00665C7F /* Partner.m */,
				1982C5BC173BE96E00665C7F /* Autokep.h */,
				1982C5BD173BE96F00665C7F /* Autokep.m */,
				1982C5B9173BE96E00665C7F /* Auto.h */,
				1982C5BA173BE96E00665C7F /* Auto.m */,
				1982C5B6173BE96D00665C7F /* Sofor.h */,
				1982C5B7173BE96E00665C7F /* Sofor.m */,
				1982C5B3173BE96D00665C7F /* Partnerkepek.h */,
				1982C5B4173BE96D00665C7F /* Partnerkepek.m */,
				1982C5B0173BE96C00665C7F /* Munka.h */,
				1982C5B1173BE96C00665C7F /* Munka.m */,
				1982C5AD173BE96B00665C7F /* Profilkep.h */,
				1982C5AE173BE96C00665C7F /* Profilkep.m */,
				1982C5AA173BE96B00665C7F /* Telephely.h */,
				1982C5AB173BE96B00665C7F /* Telephely.m */,
				1982C5A7173BE96A00665C7F /* Munkakep.h */,
				1982C5A8173BE96B00665C7F /* Munkakep.m */,
				1982C5A4173BE96A00665C7F /* Munkaeszkoz.h */,
				1982C5A5173BE96A00665C7F /* Munkaeszkoz.m */,
				1982C5A1173BE96800665C7F /* Munkatipus.h */,
				1982C5A2173BE96800665C7F /* Munkatipus.m */,
			);
			name = Model;
			sourceTree = "<group>";
		};
		19C51E5E173C90F30000B353 /* ViewController */ = {
			isa = PBXGroup;
			children = (
				19C649FD173D3DF4005B7F2A /* MainTableViewCell.h */,
				19C649FE173D3DF4005B7F2A /* MainTableViewCell.m */,
				19C64A09173D5A9C005B7F2A /* CarsViewController.h */,
				19C64A0A173D5A9C005B7F2A /* CarsViewController.m */,
				19C64A0F173D5FCE005B7F2A /* JobsViewController.h */,
				19C64A10173D5FCE005B7F2A /* JobsViewController.m */,
				19C64A12173D7646005B7F2A /* ContactTabBarController.h */,
				19C64A13173D7646005B7F2A /* ContactTabBarController.m */,
				19C64A15173D772C005B7F2A /* AdminPageViewController.h */,
				19C64A16173D772C005B7F2A /* AdminPageViewController.m */,
				19C51E5B173C89030000B353 /* MainPageTableViewController.h */,
				19C51E5C173C89030000B353 /* MainPageTableViewController.m */,
				1982C562173BC7AF00665C7F /* LoginViewController.h */,
				1982C563173BC7AF00665C7F /* LoginViewController.m */,
				19C51E58173C84F30000B353 /* MainPageNavigationViewController.h */,
				19C51E59173C84F30000B353 /* MainPageNavigationViewController.m */,
				19BBA207173DB86500631B16 /* SiteViewController.h */,
				19BBA208173DB86500631B16 /* SiteViewController.m */,
				19BBA20A173DBC2D00631B16 /* DriverViewController.h */,
				19BBA20B173DBC2D00631B16 /* DriverViewController.m */,
				19BBA20D173DBCE700631B16 /* PartnerViewController.h */,
				19BBA20E173DBCE700631B16 /* PartnerViewController.m */,
			);
			name = ViewController;
			sourceTree = "<group>";
		};
		19C64A18173D7AFB005B7F2A /* Resources */ = {
			isa = PBXGroup;
			children = (
				19C64A04173D45AD005B7F2A /* navigacio.png */,
				19C64A02173D4543005B7F2A /* kontaktok.png */,
				19C64A00173D44F1005B7F2A /* autok.png */,
			);
			name = Resources;
			sourceTree = "<group>";
		};
/* End PBXGroup section */

/* Begin PBXNativeTarget section */
		1982C53C173BC78D00665C7F /* iFlott */ = {
			isa = PBXNativeTarget;
			buildConfigurationList = 1982C55F173BC78D00665C7F /* Build configuration list for PBXNativeTarget "iFlott" */;
			buildPhases = (
				1982C539173BC78D00665C7F /* Sources */,
				1982C53A173BC78D00665C7F /* Frameworks */,
				1982C53B173BC78D00665C7F /* Resources */,
			);
			buildRules = (
			);
			dependencies = (
			);
			name = iFlott;
			productName = iFlotta;
			productReference = 1982C53D173BC78D00665C7F /* iFlott.app */;
			productType = "com.apple.product-type.application";
		};
/* End PBXNativeTarget section */

/* Begin PBXProject section */
		1982C535173BC78D00665C7F /* Project object */ = {
			isa = PBXProject;
			attributes = {
				LastUpgradeCheck = 0460;
				ORGANIZATIONNAME = "Csüti";
			};
			buildConfigurationList = 1982C538173BC78D00665C7F /* Build configuration list for PBXProject "iFlott" */;
			compatibilityVersion = "Xcode 3.2";
			developmentRegion = English;
			hasScannedForEncodings = 0;
			knownRegions = (
				en,
			);
			mainGroup = 1982C534173BC78D00665C7F;
			productRefGroup = 1982C53E173BC78D00665C7F /* Products */;
			projectDirPath = "";
			projectRoot = "";
			targets = (
				1982C53C173BC78D00665C7F /* iFlott */,
			);
		};
/* End PBXProject section */

/* Begin PBXResourcesBuildPhase section */
		1982C53B173BC78D00665C7F /* Resources */ = {
			isa = PBXResourcesBuildPhase;
			buildActionMask = 2147483647;
			files = (
				1982C54D173BC78D00665C7F /* InfoPlist.strings in Resources */,
				1982C555173BC78D00665C7F /* Default.png in Resources */,
				1982C557173BC78D00665C7F /* Default@2x.png in Resources */,
				1982C559173BC78D00665C7F /* Default-568h@2x.png in Resources */,
				1982C566173BC7D000665C7F /* MainStoryboard.storyboard in Resources */,
				19C64A01173D44F1005B7F2A /* autok.png in Resources */,
				19C64A03173D4543005B7F2A /* kontaktok.png in Resources */,
				19C64A05173D45AD005B7F2A /* navigacio.png in Resources */,
			);
			runOnlyForDeploymentPostprocessing = 0;
		};
/* End PBXResourcesBuildPhase section */

/* Begin PBXSourcesBuildPhase section */
		1982C539173BC78D00665C7F /* Sources */ = {
			isa = PBXSourcesBuildPhase;
			buildActionMask = 2147483647;
			files = (
				1982C54F173BC78D00665C7F /* main.m in Sources */,
				1982C553173BC78D00665C7F /* AppDelegate.m in Sources */,
				1982C564173BC7AF00665C7F /* LoginViewController.m in Sources */,
				1982C597173BD3A100665C7F /* iFlottaDataModel.xcdatamodeld in Sources */,
				1982C5A3173BE96800665C7F /* Munkatipus.m in Sources */,
				1982C5A6173BE96A00665C7F /* Munkaeszkoz.m in Sources */,
				1982C5A9173BE96B00665C7F /* Munkakep.m in Sources */,
				1982C5AC173BE96B00665C7F /* Telephely.m in Sources */,
				1982C5AF173BE96C00665C7F /* Profilkep.m in Sources */,
				1982C5B2173BE96D00665C7F /* Munka.m in Sources */,
				1982C5B5173BE96D00665C7F /* Partnerkepek.m in Sources */,
				1982C5B8173BE96E00665C7F /* Sofor.m in Sources */,
				1982C5BB173BE96E00665C7F /* Auto.m in Sources */,
				1982C5BE173BE96F00665C7F /* Autokep.m in Sources */,
				1982C5C1173BE97000665C7F /* Partner.m in Sources */,
				1982C5C5173C1B2800665C7F /* DataBaseUtil.m in Sources */,
				19C51E57173C6D920000B353 /* JsonUtil.m in Sources */,
				19C51E5A173C84F30000B353 /* MainPageNavigationViewController.m in Sources */,
				19C51E5D173C89030000B353 /* MainPageTableViewController.m in Sources */,
				19C649FF173D3DF4005B7F2A /* MainTableViewCell.m in Sources */,
				19C64A0B173D5A9C005B7F2A /* CarsViewController.m in Sources */,
				19C64A11173D5FCF005B7F2A /* JobsViewController.m in Sources */,
				19C64A14173D7646005B7F2A /* ContactTabBarController.m in Sources */,
				19C64A17173D772D005B7F2A /* AdminPageViewController.m in Sources */,
				19BBA209173DB86500631B16 /* SiteViewController.m in Sources */,
				19BBA20C173DBC2D00631B16 /* DriverViewController.m in Sources */,
				19BBA20F173DBCE700631B16 /* PartnerViewController.m in Sources */,
			);
			runOnlyForDeploymentPostprocessing = 0;
		};
/* End PBXSourcesBuildPhase section */

/* Begin PBXVariantGroup section */
		1982C54B173BC78D00665C7F /* InfoPlist.strings */ = {
			isa = PBXVariantGroup;
			children = (
				1982C54C173BC78D00665C7F /* en */,
			);
			name = InfoPlist.strings;
			sourceTree = "<group>";
		};
/* End PBXVariantGroup section */

/* Begin XCBuildConfiguration section */
		1982C55D173BC78D00665C7F /* Debug */ = {
			isa = XCBuildConfiguration;
			buildSettings = {
				ALWAYS_SEARCH_USER_PATHS = NO;
				CLANG_CXX_LANGUAGE_STANDARD = "gnu++0x";
				CLANG_CXX_LIBRARY = "libc++";
				CLANG_ENABLE_OBJC_ARC = YES;
				CLANG_WARN_CONSTANT_CONVERSION = YES;
				CLANG_WARN_EMPTY_BODY = YES;
				CLANG_WARN_ENUM_CONVERSION = YES;
				CLANG_WARN_INT_CONVERSION = YES;
				CLANG_WARN__DUPLICATE_METHOD_MATCH = YES;
				"CODE_SIGN_IDENTITY[sdk=iphoneos*]" = "iPhone Developer";
				COPY_PHASE_STRIP = NO;
				GCC_C_LANGUAGE_STANDARD = gnu99;
				GCC_DYNAMIC_NO_PIC = NO;
				GCC_OPTIMIZATION_LEVEL = 0;
				GCC_PREPROCESSOR_DEFINITIONS = (
					"DEBUG=1",
					"$(inherited)",
				);
				GCC_SYMBOLS_PRIVATE_EXTERN = NO;
				GCC_WARN_ABOUT_RETURN_TYPE = YES;
				GCC_WARN_UNINITIALIZED_AUTOS = YES;
				GCC_WARN_UNUSED_VARIABLE = YES;
				IPHONEOS_DEPLOYMENT_TARGET = 6.1;
				ONLY_ACTIVE_ARCH = YES;
				SDKROOT = iphoneos;
			};
			name = Debug;
		};
		1982C55E173BC78D00665C7F /* Release */ = {
			isa = XCBuildConfiguration;
			buildSettings = {
				ALWAYS_SEARCH_USER_PATHS = NO;
				CLANG_CXX_LANGUAGE_STANDARD = "gnu++0x";
				CLANG_CXX_LIBRARY = "libc++";
				CLANG_ENABLE_OBJC_ARC = YES;
				CLANG_WARN_CONSTANT_CONVERSION = YES;
				CLANG_WARN_EMPTY_BODY = YES;
				CLANG_WARN_ENUM_CONVERSION = YES;
				CLANG_WARN_INT_CONVERSION = YES;
				CLANG_WARN__DUPLICATE_METHOD_MATCH = YES;
				"CODE_SIGN_IDENTITY[sdk=iphoneos*]" = "iPhone Developer";
				COPY_PHASE_STRIP = YES;
				GCC_C_LANGUAGE_STANDARD = gnu99;
				GCC_WARN_ABOUT_RETURN_TYPE = YES;
				GCC_WARN_UNINITIALIZED_AUTOS = YES;
				GCC_WARN_UNUSED_VARIABLE = YES;
				IPHONEOS_DEPLOYMENT_TARGET = 6.1;
				OTHER_CFLAGS = "-DNS_BLOCK_ASSERTIONS=1";
				SDKROOT = iphoneos;
				VALIDATE_PRODUCT = YES;
			};
			name = Release;
		};
		1982C560173BC78D00665C7F /* Debug */ = {
			isa = XCBuildConfiguration;
			buildSettings = {
				GCC_PRECOMPILE_PREFIX_HEADER = YES;
				GCC_PREFIX_HEADER = "iFlotta/iFlott-Prefix.pch";
				INFOPLIST_FILE = "iFlotta/iFlott-Info.plist";
				PRODUCT_NAME = iFlott;
				WRAPPER_EXTENSION = app;
			};
			name = Debug;
		};
		1982C561173BC78D00665C7F /* Release */ = {
			isa = XCBuildConfiguration;
			buildSettings = {
				GCC_PRECOMPILE_PREFIX_HEADER = YES;
				GCC_PREFIX_HEADER = "iFlotta/iFlott-Prefix.pch";
				INFOPLIST_FILE = "iFlotta/iFlott-Info.plist";
				PRODUCT_NAME = iFlott;
				WRAPPER_EXTENSION = app;
			};
			name = Release;
		};
/* End XCBuildConfiguration section */

/* Begin XCConfigurationList section */
		1982C538173BC78D00665C7F /* Build configuration list for PBXProject "iFlott" */ = {
			isa = XCConfigurationList;
			buildConfigurations = (
				1982C55D173BC78D00665C7F /* Debug */,
				1982C55E173BC78D00665C7F /* Release */,
			);
			defaultConfigurationIsVisible = 0;
			defaultConfigurationName = Release;
		};
		1982C55F173BC78D00665C7F /* Build configuration list for PBXNativeTarget "iFlott" */ = {
			isa = XCConfigurationList;
			buildConfigurations = (
				1982C560173BC78D00665C7F /* Debug */,
				1982C561173BC78D00665C7F /* Release */,
			);
			defaultConfigurationIsVisible = 0;
			defaultConfigurationName = Release;
		};
/* End XCConfigurationList section */

/* Begin XCVersionGroup section */
		1982C595173BD3A100665C7F /* iFlottaDataModel.xcdatamodeld */ = {
			isa = XCVersionGroup;
			children = (
				1982C596173BD3A100665C7F /* iFlottaDataModel.xcdatamodel */,
			);
			currentVersion = 1982C596173BD3A100665C7F /* iFlottaDataModel.xcdatamodel */;
			path = iFlottaDataModel.xcdatamodeld;
			sourceTree = "<group>";
			versionGroupType = wrapper.xcdatamodel;
		};
/* End XCVersionGroup section */
	};
	rootObject = 1982C535173BC78D00665C7F /* Project object */;
}
