// !$*UTF8*$!
{
	archiveVersion = 1;
	classes = {
	};
	objectVersion = 46;
	objects = {

/* Begin PBXBuildFile section */
		66B15F90173A87DD007BEA6F /* Autokep.m in Sources */ = {isa = PBXBuildFile; fileRef = 66B15F8F173A87DD007BEA6F /* Autokep.m */; };
		66B15F93173A87DE007BEA6F /* Partner.m in Sources */ = {isa = PBXBuildFile; fileRef = 66B15F92173A87DE007BEA6F /* Partner.m */; };
		66B15F96173A87DE007BEA6F /* Munkaeszkoz.m in Sources */ = {isa = PBXBuildFile; fileRef = 66B15F95173A87DE007BEA6F /* Munkaeszkoz.m */; };
		66B15F99173A87DE007BEA6F /* Munkatipus.m in Sources */ = {isa = PBXBuildFile; fileRef = 66B15F98173A87DE007BEA6F /* Munkatipus.m */; };
		66B15F9C173A87DE007BEA6F /* Partnerkepek.m in Sources */ = {isa = PBXBuildFile; fileRef = 66B15F9B173A87DE007BEA6F /* Partnerkepek.m */; };
		66B15F9F173A87DE007BEA6F /* Profilkep.m in Sources */ = {isa = PBXBuildFile; fileRef = 66B15F9E173A87DE007BEA6F /* Profilkep.m */; };
		66B15FA2173A87DE007BEA6F /* Telephely.m in Sources */ = {isa = PBXBuildFile; fileRef = 66B15FA1173A87DE007BEA6F /* Telephely.m */; };
		66B15FA5173A87DE007BEA6F /* Munkakep.m in Sources */ = {isa = PBXBuildFile; fileRef = 66B15FA4173A87DE007BEA6F /* Munkakep.m */; };
		66B15FA8173A87DE007BEA6F /* Sofor.m in Sources */ = {isa = PBXBuildFile; fileRef = 66B15FA7173A87DE007BEA6F /* Sofor.m */; };
		66B15FAB173A87DE007BEA6F /* Auto.m in Sources */ = {isa = PBXBuildFile; fileRef = 66B15FAA173A87DE007BEA6F /* Auto.m */; };
		66B15FAE173A87DE007BEA6F /* Munka.m in Sources */ = {isa = PBXBuildFile; fileRef = 66B15FAD173A87DE007BEA6F /* Munka.m */; };
		66BA31061739A87D00DB0CBC /* UIKit.framework in Frameworks */ = {isa = PBXBuildFile; fileRef = 66BA31051739A87D00DB0CBC /* UIKit.framework */; };
		66BA31081739A87D00DB0CBC /* Foundation.framework in Frameworks */ = {isa = PBXBuildFile; fileRef = 66BA31071739A87D00DB0CBC /* Foundation.framework */; };
		66BA310A1739A87D00DB0CBC /* CoreGraphics.framework in Frameworks */ = {isa = PBXBuildFile; fileRef = 66BA31091739A87D00DB0CBC /* CoreGraphics.framework */; };
		66BA310C1739A87D00DB0CBC /* CoreData.framework in Frameworks */ = {isa = PBXBuildFile; fileRef = 66BA310B1739A87D00DB0CBC /* CoreData.framework */; };
		66BA31121739A87D00DB0CBC /* InfoPlist.strings in Resources */ = {isa = PBXBuildFile; fileRef = 66BA31101739A87D00DB0CBC /* InfoPlist.strings */; };
		66BA31141739A87D00DB0CBC /* main.m in Sources */ = {isa = PBXBuildFile; fileRef = 66BA31131739A87D00DB0CBC /* main.m */; };
		66BA31181739A87D00DB0CBC /* AppDelegate.m in Sources */ = {isa = PBXBuildFile; fileRef = 66BA31171739A87D00DB0CBC /* AppDelegate.m */; };
		66BA311A1739A87D00DB0CBC /* Default.png in Resources */ = {isa = PBXBuildFile; fileRef = 66BA31191739A87D00DB0CBC /* Default.png */; };
		66BA311C1739A87D00DB0CBC /* Default@2x.png in Resources */ = {isa = PBXBuildFile; fileRef = 66BA311B1739A87D00DB0CBC /* Default@2x.png */; };
		66BA311E1739A87D00DB0CBC /* Default-568h@2x.png in Resources */ = {isa = PBXBuildFile; fileRef = 66BA311D1739A87D00DB0CBC /* Default-568h@2x.png */; };
		66BA31211739A87D00DB0CBC /* MainStoryboard.storyboard in Resources */ = {isa = PBXBuildFile; fileRef = 66BA311F1739A87D00DB0CBC /* MainStoryboard.storyboard */; };
		66BA31241739A87D00DB0CBC /* Flotta.xcdatamodeld in Sources */ = {isa = PBXBuildFile; fileRef = 66BA31221739A87D00DB0CBC /* Flotta.xcdatamodeld */; };
		66BA31271739A87D00DB0CBC /* MasterViewController.m in Sources */ = {isa = PBXBuildFile; fileRef = 66BA31261739A87D00DB0CBC /* MasterViewController.m */; };
		66BA312A1739A87D00DB0CBC /* DetailViewController.m in Sources */ = {isa = PBXBuildFile; fileRef = 66BA31291739A87D00DB0CBC /* DetailViewController.m */; };
		66BA31321739A87D00DB0CBC /* SenTestingKit.framework in Frameworks */ = {isa = PBXBuildFile; fileRef = 66BA31311739A87D00DB0CBC /* SenTestingKit.framework */; };
		66BA31331739A87D00DB0CBC /* UIKit.framework in Frameworks */ = {isa = PBXBuildFile; fileRef = 66BA31051739A87D00DB0CBC /* UIKit.framework */; };
		66BA31341739A87D00DB0CBC /* Foundation.framework in Frameworks */ = {isa = PBXBuildFile; fileRef = 66BA31071739A87D00DB0CBC /* Foundation.framework */; };
		66BA31351739A87D00DB0CBC /* CoreData.framework in Frameworks */ = {isa = PBXBuildFile; fileRef = 66BA310B1739A87D00DB0CBC /* CoreData.framework */; };
		66BA313D1739A87D00DB0CBC /* InfoPlist.strings in Resources */ = {isa = PBXBuildFile; fileRef = 66BA313B1739A87D00DB0CBC /* InfoPlist.strings */; };
		66BA31401739A87D00DB0CBC /* FlottaTests.m in Sources */ = {isa = PBXBuildFile; fileRef = 66BA313F1739A87D00DB0CBC /* FlottaTests.m */; };
/* End PBXBuildFile section */

/* Begin PBXContainerItemProxy section */
		66BA31361739A87D00DB0CBC /* PBXContainerItemProxy */ = {
			isa = PBXContainerItemProxy;
			containerPortal = 66BA30FA1739A87D00DB0CBC /* Project object */;
			proxyType = 1;
			remoteGlobalIDString = 66BA31011739A87D00DB0CBC;
			remoteInfo = Flotta;
		};
/* End PBXContainerItemProxy section */

/* Begin PBXFileReference section */
		66B15F8E173A87DD007BEA6F /* Autokep.h */ = {isa = PBXFileReference; fileEncoding = 4; lastKnownFileType = sourcecode.c.h; path = Autokep.h; sourceTree = "<group>"; };
		66B15F8F173A87DD007BEA6F /* Autokep.m */ = {isa = PBXFileReference; fileEncoding = 4; lastKnownFileType = sourcecode.c.objc; path = Autokep.m; sourceTree = "<group>"; };
		66B15F91173A87DE007BEA6F /* Partner.h */ = {isa = PBXFileReference; fileEncoding = 4; lastKnownFileType = sourcecode.c.h; path = Partner.h; sourceTree = "<group>"; };
		66B15F92173A87DE007BEA6F /* Partner.m */ = {isa = PBXFileReference; fileEncoding = 4; lastKnownFileType = sourcecode.c.objc; path = Partner.m; sourceTree = "<group>"; };
		66B15F94173A87DE007BEA6F /* Munkaeszkoz.h */ = {isa = PBXFileReference; fileEncoding = 4; lastKnownFileType = sourcecode.c.h; path = Munkaeszkoz.h; sourceTree = "<group>"; };
		66B15F95173A87DE007BEA6F /* Munkaeszkoz.m */ = {isa = PBXFileReference; fileEncoding = 4; lastKnownFileType = sourcecode.c.objc; path = Munkaeszkoz.m; sourceTree = "<group>"; };
		66B15F97173A87DE007BEA6F /* Munkatipus.h */ = {isa = PBXFileReference; fileEncoding = 4; lastKnownFileType = sourcecode.c.h; path = Munkatipus.h; sourceTree = "<group>"; };
		66B15F98173A87DE007BEA6F /* Munkatipus.m */ = {isa = PBXFileReference; fileEncoding = 4; lastKnownFileType = sourcecode.c.objc; path = Munkatipus.m; sourceTree = "<group>"; };
		66B15F9A173A87DE007BEA6F /* Partnerkepek.h */ = {isa = PBXFileReference; fileEncoding = 4; lastKnownFileType = sourcecode.c.h; path = Partnerkepek.h; sourceTree = "<group>"; };
		66B15F9B173A87DE007BEA6F /* Partnerkepek.m */ = {isa = PBXFileReference; fileEncoding = 4; lastKnownFileType = sourcecode.c.objc; path = Partnerkepek.m; sourceTree = "<group>"; };
		66B15F9D173A87DE007BEA6F /* Profilkep.h */ = {isa = PBXFileReference; fileEncoding = 4; lastKnownFileType = sourcecode.c.h; path = Profilkep.h; sourceTree = "<group>"; };
		66B15F9E173A87DE007BEA6F /* Profilkep.m */ = {isa = PBXFileReference; fileEncoding = 4; lastKnownFileType = sourcecode.c.objc; path = Profilkep.m; sourceTree = "<group>"; };
		66B15FA0173A87DE007BEA6F /* Telephely.h */ = {isa = PBXFileReference; fileEncoding = 4; lastKnownFileType = sourcecode.c.h; path = Telephely.h; sourceTree = "<group>"; };
		66B15FA1173A87DE007BEA6F /* Telephely.m */ = {isa = PBXFileReference; fileEncoding = 4; lastKnownFileType = sourcecode.c.objc; path = Telephely.m; sourceTree = "<group>"; };
		66B15FA3173A87DE007BEA6F /* Munkakep.h */ = {isa = PBXFileReference; fileEncoding = 4; lastKnownFileType = sourcecode.c.h; path = Munkakep.h; sourceTree = "<group>"; };
		66B15FA4173A87DE007BEA6F /* Munkakep.m */ = {isa = PBXFileReference; fileEncoding = 4; lastKnownFileType = sourcecode.c.objc; path = Munkakep.m; sourceTree = "<group>"; };
		66B15FA6173A87DE007BEA6F /* Sofor.h */ = {isa = PBXFileReference; fileEncoding = 4; lastKnownFileType = sourcecode.c.h; path = Sofor.h; sourceTree = "<group>"; };
		66B15FA7173A87DE007BEA6F /* Sofor.m */ = {isa = PBXFileReference; fileEncoding = 4; lastKnownFileType = sourcecode.c.objc; path = Sofor.m; sourceTree = "<group>"; };
		66B15FA9173A87DE007BEA6F /* Auto.h */ = {isa = PBXFileReference; fileEncoding = 4; lastKnownFileType = sourcecode.c.h; path = Auto.h; sourceTree = "<group>"; };
		66B15FAA173A87DE007BEA6F /* Auto.m */ = {isa = PBXFileReference; fileEncoding = 4; lastKnownFileType = sourcecode.c.objc; path = Auto.m; sourceTree = "<group>"; };
		66B15FAC173A87DE007BEA6F /* Munka.h */ = {isa = PBXFileReference; fileEncoding = 4; lastKnownFileType = sourcecode.c.h; path = Munka.h; sourceTree = "<group>"; };
		66B15FAD173A87DE007BEA6F /* Munka.m */ = {isa = PBXFileReference; fileEncoding = 4; lastKnownFileType = sourcecode.c.objc; path = Munka.m; sourceTree = "<group>"; };
		66BA31021739A87D00DB0CBC /* Flotta.app */ = {isa = PBXFileReference; explicitFileType = wrapper.application; includeInIndex = 0; path = Flotta.app; sourceTree = BUILT_PRODUCTS_DIR; };
		66BA31051739A87D00DB0CBC /* UIKit.framework */ = {isa = PBXFileReference; lastKnownFileType = wrapper.framework; name = UIKit.framework; path = System/Library/Frameworks/UIKit.framework; sourceTree = SDKROOT; };
		66BA31071739A87D00DB0CBC /* Foundation.framework */ = {isa = PBXFileReference; lastKnownFileType = wrapper.framework; name = Foundation.framework; path = System/Library/Frameworks/Foundation.framework; sourceTree = SDKROOT; };
		66BA31091739A87D00DB0CBC /* CoreGraphics.framework */ = {isa = PBXFileReference; lastKnownFileType = wrapper.framework; name = CoreGraphics.framework; path = System/Library/Frameworks/CoreGraphics.framework; sourceTree = SDKROOT; };
		66BA310B1739A87D00DB0CBC /* CoreData.framework */ = {isa = PBXFileReference; lastKnownFileType = wrapper.framework; name = CoreData.framework; path = System/Library/Frameworks/CoreData.framework; sourceTree = SDKROOT; };
		66BA310F1739A87D00DB0CBC /* Flotta-Info.plist */ = {isa = PBXFileReference; lastKnownFileType = text.plist.xml; path = "Flotta-Info.plist"; sourceTree = "<group>"; };
		66BA31111739A87D00DB0CBC /* en */ = {isa = PBXFileReference; lastKnownFileType = text.plist.strings; name = en; path = en.lproj/InfoPlist.strings; sourceTree = "<group>"; };
		66BA31131739A87D00DB0CBC /* main.m */ = {isa = PBXFileReference; lastKnownFileType = sourcecode.c.objc; path = main.m; sourceTree = "<group>"; };
		66BA31151739A87D00DB0CBC /* Flotta-Prefix.pch */ = {isa = PBXFileReference; lastKnownFileType = sourcecode.c.h; path = "Flotta-Prefix.pch"; sourceTree = "<group>"; };
		66BA31161739A87D00DB0CBC /* AppDelegate.h */ = {isa = PBXFileReference; lastKnownFileType = sourcecode.c.h; path = AppDelegate.h; sourceTree = "<group>"; };
		66BA31171739A87D00DB0CBC /* AppDelegate.m */ = {isa = PBXFileReference; lastKnownFileType = sourcecode.c.objc; path = AppDelegate.m; sourceTree = "<group>"; };
		66BA31191739A87D00DB0CBC /* Default.png */ = {isa = PBXFileReference; lastKnownFileType = image.png; path = Default.png; sourceTree = "<group>"; };
		66BA311B1739A87D00DB0CBC /* Default@2x.png */ = {isa = PBXFileReference; lastKnownFileType = image.png; path = "Default@2x.png"; sourceTree = "<group>"; };
		66BA311D1739A87D00DB0CBC /* Default-568h@2x.png */ = {isa = PBXFileReference; lastKnownFileType = image.png; path = "Default-568h@2x.png"; sourceTree = "<group>"; };
		66BA31201739A87D00DB0CBC /* en */ = {isa = PBXFileReference; lastKnownFileType = file.storyboard; name = en; path = en.lproj/MainStoryboard.storyboard; sourceTree = "<group>"; };
		66BA31231739A87D00DB0CBC /* Flotta.xcdatamodel */ = {isa = PBXFileReference; lastKnownFileType = wrapper.xcdatamodel; path = Flotta.xcdatamodel; sourceTree = "<group>"; };
		66BA31251739A87D00DB0CBC /* MasterViewController.h */ = {isa = PBXFileReference; lastKnownFileType = sourcecode.c.h; path = MasterViewController.h; sourceTree = "<group>"; };
		66BA31261739A87D00DB0CBC /* MasterViewController.m */ = {isa = PBXFileReference; lastKnownFileType = sourcecode.c.objc; path = MasterViewController.m; sourceTree = "<group>"; };
		66BA31281739A87D00DB0CBC /* DetailViewController.h */ = {isa = PBXFileReference; lastKnownFileType = sourcecode.c.h; path = DetailViewController.h; sourceTree = "<group>"; };
		66BA31291739A87D00DB0CBC /* DetailViewController.m */ = {isa = PBXFileReference; lastKnownFileType = sourcecode.c.objc; path = DetailViewController.m; sourceTree = "<group>"; };
		66BA31301739A87D00DB0CBC /* FlottaTests.octest */ = {isa = PBXFileReference; explicitFileType = wrapper.cfbundle; includeInIndex = 0; path = FlottaTests.octest; sourceTree = BUILT_PRODUCTS_DIR; };
		66BA31311739A87D00DB0CBC /* SenTestingKit.framework */ = {isa = PBXFileReference; lastKnownFileType = wrapper.framework; name = SenTestingKit.framework; path = Library/Frameworks/SenTestingKit.framework; sourceTree = DEVELOPER_DIR; };
		66BA313A1739A87D00DB0CBC /* FlottaTests-Info.plist */ = {isa = PBXFileReference; lastKnownFileType = text.plist.xml; path = "FlottaTests-Info.plist"; sourceTree = "<group>"; };
		66BA313C1739A87D00DB0CBC /* en */ = {isa = PBXFileReference; lastKnownFileType = text.plist.strings; name = en; path = en.lproj/InfoPlist.strings; sourceTree = "<group>"; };
		66BA313E1739A87D00DB0CBC /* FlottaTests.h */ = {isa = PBXFileReference; lastKnownFileType = sourcecode.c.h; path = FlottaTests.h; sourceTree = "<group>"; };
		66BA313F1739A87D00DB0CBC /* FlottaTests.m */ = {isa = PBXFileReference; lastKnownFileType = sourcecode.c.objc; path = FlottaTests.m; sourceTree = "<group>"; };
/* End PBXFileReference section */

/* Begin PBXFrameworksBuildPhase section */
		66BA30FF1739A87D00DB0CBC /* Frameworks */ = {
			isa = PBXFrameworksBuildPhase;
			buildActionMask = 2147483647;
			files = (
				66BA31061739A87D00DB0CBC /* UIKit.framework in Frameworks */,
				66BA31081739A87D00DB0CBC /* Foundation.framework in Frameworks */,
				66BA310A1739A87D00DB0CBC /* CoreGraphics.framework in Frameworks */,
				66BA310C1739A87D00DB0CBC /* CoreData.framework in Frameworks */,
			);
			runOnlyForDeploymentPostprocessing = 0;
		};
		66BA312C1739A87D00DB0CBC /* Frameworks */ = {
			isa = PBXFrameworksBuildPhase;
			buildActionMask = 2147483647;
			files = (
				66BA31321739A87D00DB0CBC /* SenTestingKit.framework in Frameworks */,
				66BA31331739A87D00DB0CBC /* UIKit.framework in Frameworks */,
				66BA31341739A87D00DB0CBC /* Foundation.framework in Frameworks */,
				66BA31351739A87D00DB0CBC /* CoreData.framework in Frameworks */,
			);
			runOnlyForDeploymentPostprocessing = 0;
		};
/* End PBXFrameworksBuildPhase section */

/* Begin PBXGroup section */
		66B15FD3173A934D007BEA6F /* Model */ = {
			isa = PBXGroup;
			children = (
				66BA31221739A87D00DB0CBC /* Flotta.xcdatamodeld */,
				66B15FAC173A87DE007BEA6F /* Munka.h */,
				66B15FAD173A87DE007BEA6F /* Munka.m */,
				66B15FA9173A87DE007BEA6F /* Auto.h */,
				66B15FAA173A87DE007BEA6F /* Auto.m */,
				66B15FA6173A87DE007BEA6F /* Sofor.h */,
				66B15FA7173A87DE007BEA6F /* Sofor.m */,
				66B15FA3173A87DE007BEA6F /* Munkakep.h */,
				66B15FA4173A87DE007BEA6F /* Munkakep.m */,
				66B15FA0173A87DE007BEA6F /* Telephely.h */,
				66B15FA1173A87DE007BEA6F /* Telephely.m */,
				66B15F9D173A87DE007BEA6F /* Profilkep.h */,
				66B15F9E173A87DE007BEA6F /* Profilkep.m */,
				66B15F9A173A87DE007BEA6F /* Partnerkepek.h */,
				66B15F9B173A87DE007BEA6F /* Partnerkepek.m */,
				66B15F97173A87DE007BEA6F /* Munkatipus.h */,
				66B15F98173A87DE007BEA6F /* Munkatipus.m */,
				66B15F94173A87DE007BEA6F /* Munkaeszkoz.h */,
				66B15F95173A87DE007BEA6F /* Munkaeszkoz.m */,
				66B15F91173A87DE007BEA6F /* Partner.h */,
				66B15F92173A87DE007BEA6F /* Partner.m */,
				66B15F8E173A87DD007BEA6F /* Autokep.h */,
				66B15F8F173A87DD007BEA6F /* Autokep.m */,
			);
			name = Model;
			sourceTree = "<group>";
		};
		66BA30F91739A87D00DB0CBC = {
			isa = PBXGroup;
			children = (
				66BA310D1739A87D00DB0CBC /* Flotta */,
				66BA31381739A87D00DB0CBC /* FlottaTests */,
				66BA31041739A87D00DB0CBC /* Frameworks */,
				66BA31031739A87D00DB0CBC /* Products */,
			);
			sourceTree = "<group>";
		};
		66BA31031739A87D00DB0CBC /* Products */ = {
			isa = PBXGroup;
			children = (
				66BA31021739A87D00DB0CBC /* Flotta.app */,
				66BA31301739A87D00DB0CBC /* FlottaTests.octest */,
			);
			name = Products;
			sourceTree = "<group>";
		};
		66BA31041739A87D00DB0CBC /* Frameworks */ = {
			isa = PBXGroup;
			children = (
				66BA31051739A87D00DB0CBC /* UIKit.framework */,
				66BA31071739A87D00DB0CBC /* Foundation.framework */,
				66BA31091739A87D00DB0CBC /* CoreGraphics.framework */,
				66BA310B1739A87D00DB0CBC /* CoreData.framework */,
				66BA31311739A87D00DB0CBC /* SenTestingKit.framework */,
			);
			name = Frameworks;
			sourceTree = "<group>";
		};
		66BA310D1739A87D00DB0CBC /* Flotta */ = {
			isa = PBXGroup;
			children = (
				66BA31161739A87D00DB0CBC /* AppDelegate.h */,
				66BA31171739A87D00DB0CBC /* AppDelegate.m */,
				66BA311F1739A87D00DB0CBC /* MainStoryboard.storyboard */,
				66BA31251739A87D00DB0CBC /* MasterViewController.h */,
				66BA31261739A87D00DB0CBC /* MasterViewController.m */,
				66BA31281739A87D00DB0CBC /* DetailViewController.h */,
				66BA31291739A87D00DB0CBC /* DetailViewController.m */,
				66B15FD3173A934D007BEA6F /* Model */,
				66BA310E1739A87D00DB0CBC /* Supporting Files */,
			);
			path = Flotta;
			sourceTree = "<group>";
		};
		66BA310E1739A87D00DB0CBC /* Supporting Files */ = {
			isa = PBXGroup;
			children = (
				66BA310F1739A87D00DB0CBC /* Flotta-Info.plist */,
				66BA31101739A87D00DB0CBC /* InfoPlist.strings */,
				66BA31131739A87D00DB0CBC /* main.m */,
				66BA31151739A87D00DB0CBC /* Flotta-Prefix.pch */,
				66BA31191739A87D00DB0CBC /* Default.png */,
				66BA311B1739A87D00DB0CBC /* Default@2x.png */,
				66BA311D1739A87D00DB0CBC /* Default-568h@2x.png */,
			);
			name = "Supporting Files";
			sourceTree = "<group>";
		};
		66BA31381739A87D00DB0CBC /* FlottaTests */ = {
			isa = PBXGroup;
			children = (
				66BA313E1739A87D00DB0CBC /* FlottaTests.h */,
				66BA313F1739A87D00DB0CBC /* FlottaTests.m */,
				66BA31391739A87D00DB0CBC /* Supporting Files */,
			);
			path = FlottaTests;
			sourceTree = "<group>";
		};
		66BA31391739A87D00DB0CBC /* Supporting Files */ = {
			isa = PBXGroup;
			children = (
				66BA313A1739A87D00DB0CBC /* FlottaTests-Info.plist */,
				66BA313B1739A87D00DB0CBC /* InfoPlist.strings */,
			);
			name = "Supporting Files";
			sourceTree = "<group>";
		};
/* End PBXGroup section */

/* Begin PBXNativeTarget section */
		66BA31011739A87D00DB0CBC /* Flotta */ = {
			isa = PBXNativeTarget;
			buildConfigurationList = 66BA31431739A87D00DB0CBC /* Build configuration list for PBXNativeTarget "Flotta" */;
			buildPhases = (
				66BA30FE1739A87D00DB0CBC /* Sources */,
				66BA30FF1739A87D00DB0CBC /* Frameworks */,
				66BA31001739A87D00DB0CBC /* Resources */,
			);
			buildRules = (
			);
			dependencies = (
			);
			name = Flotta;
			productName = Flotta;
			productReference = 66BA31021739A87D00DB0CBC /* Flotta.app */;
			productType = "com.apple.product-type.application";
		};
		66BA312F1739A87D00DB0CBC /* FlottaTests */ = {
			isa = PBXNativeTarget;
			buildConfigurationList = 66BA31461739A87D00DB0CBC /* Build configuration list for PBXNativeTarget "FlottaTests" */;
			buildPhases = (
				66BA312B1739A87D00DB0CBC /* Sources */,
				66BA312C1739A87D00DB0CBC /* Frameworks */,
				66BA312D1739A87D00DB0CBC /* Resources */,
				66BA312E1739A87D00DB0CBC /* ShellScript */,
			);
			buildRules = (
			);
			dependencies = (
				66BA31371739A87D00DB0CBC /* PBXTargetDependency */,
			);
			name = FlottaTests;
			productName = FlottaTests;
			productReference = 66BA31301739A87D00DB0CBC /* FlottaTests.octest */;
			productType = "com.apple.product-type.bundle";
		};
/* End PBXNativeTarget section */

/* Begin PBXProject section */
		66BA30FA1739A87D00DB0CBC /* Project object */ = {
			isa = PBXProject;
			attributes = {
				LastUpgradeCheck = 0460;
				ORGANIZATIONNAME = schonherz;
			};
			buildConfigurationList = 66BA30FD1739A87D00DB0CBC /* Build configuration list for PBXProject "Flotta" */;
			compatibilityVersion = "Xcode 3.2";
			developmentRegion = English;
			hasScannedForEncodings = 0;
			knownRegions = (
				en,
			);
			mainGroup = 66BA30F91739A87D00DB0CBC;
			productRefGroup = 66BA31031739A87D00DB0CBC /* Products */;
			projectDirPath = "";
			projectRoot = "";
			targets = (
				66BA31011739A87D00DB0CBC /* Flotta */,
				66BA312F1739A87D00DB0CBC /* FlottaTests */,
			);
		};
/* End PBXProject section */

/* Begin PBXResourcesBuildPhase section */
		66BA31001739A87D00DB0CBC /* Resources */ = {
			isa = PBXResourcesBuildPhase;
			buildActionMask = 2147483647;
			files = (
				66BA31121739A87D00DB0CBC /* InfoPlist.strings in Resources */,
				66BA311A1739A87D00DB0CBC /* Default.png in Resources */,
				66BA311C1739A87D00DB0CBC /* Default@2x.png in Resources */,
				66BA311E1739A87D00DB0CBC /* Default-568h@2x.png in Resources */,
				66BA31211739A87D00DB0CBC /* MainStoryboard.storyboard in Resources */,
			);
			runOnlyForDeploymentPostprocessing = 0;
		};
		66BA312D1739A87D00DB0CBC /* Resources */ = {
			isa = PBXResourcesBuildPhase;
			buildActionMask = 2147483647;
			files = (
				66BA313D1739A87D00DB0CBC /* InfoPlist.strings in Resources */,
			);
			runOnlyForDeploymentPostprocessing = 0;
		};
/* End PBXResourcesBuildPhase section */

/* Begin PBXShellScriptBuildPhase section */
		66BA312E1739A87D00DB0CBC /* ShellScript */ = {
			isa = PBXShellScriptBuildPhase;
			buildActionMask = 2147483647;
			files = (
			);
			inputPaths = (
			);
			outputPaths = (
			);
			runOnlyForDeploymentPostprocessing = 0;
			shellPath = /bin/sh;
			shellScript = "# Run the unit tests in this test bundle.\n\"${SYSTEM_DEVELOPER_DIR}/Tools/RunUnitTests\"\n";
		};
/* End PBXShellScriptBuildPhase section */

/* Begin PBXSourcesBuildPhase section */
		66BA30FE1739A87D00DB0CBC /* Sources */ = {
			isa = PBXSourcesBuildPhase;
			buildActionMask = 2147483647;
			files = (
				66BA31141739A87D00DB0CBC /* main.m in Sources */,
				66BA31181739A87D00DB0CBC /* AppDelegate.m in Sources */,
				66BA31241739A87D00DB0CBC /* Flotta.xcdatamodeld in Sources */,
				66BA31271739A87D00DB0CBC /* MasterViewController.m in Sources */,
				66BA312A1739A87D00DB0CBC /* DetailViewController.m in Sources */,
				66B15F90173A87DD007BEA6F /* Autokep.m in Sources */,
				66B15F93173A87DE007BEA6F /* Partner.m in Sources */,
				66B15F96173A87DE007BEA6F /* Munkaeszkoz.m in Sources */,
				66B15F99173A87DE007BEA6F /* Munkatipus.m in Sources */,
				66B15F9C173A87DE007BEA6F /* Partnerkepek.m in Sources */,
				66B15F9F173A87DE007BEA6F /* Profilkep.m in Sources */,
				66B15FA2173A87DE007BEA6F /* Telephely.m in Sources */,
				66B15FA5173A87DE007BEA6F /* Munkakep.m in Sources */,
				66B15FA8173A87DE007BEA6F /* Sofor.m in Sources */,
				66B15FAB173A87DE007BEA6F /* Auto.m in Sources */,
				66B15FAE173A87DE007BEA6F /* Munka.m in Sources */,
			);
			runOnlyForDeploymentPostprocessing = 0;
		};
		66BA312B1739A87D00DB0CBC /* Sources */ = {
			isa = PBXSourcesBuildPhase;
			buildActionMask = 2147483647;
			files = (
				66BA31401739A87D00DB0CBC /* FlottaTests.m in Sources */,
			);
			runOnlyForDeploymentPostprocessing = 0;
		};
/* End PBXSourcesBuildPhase section */

/* Begin PBXTargetDependency section */
		66BA31371739A87D00DB0CBC /* PBXTargetDependency */ = {
			isa = PBXTargetDependency;
			target = 66BA31011739A87D00DB0CBC /* Flotta */;
			targetProxy = 66BA31361739A87D00DB0CBC /* PBXContainerItemProxy */;
		};
/* End PBXTargetDependency section */

/* Begin PBXVariantGroup section */
		66BA31101739A87D00DB0CBC /* InfoPlist.strings */ = {
			isa = PBXVariantGroup;
			children = (
				66BA31111739A87D00DB0CBC /* en */,
			);
			name = InfoPlist.strings;
			sourceTree = "<group>";
		};
		66BA311F1739A87D00DB0CBC /* MainStoryboard.storyboard */ = {
			isa = PBXVariantGroup;
			children = (
				66BA31201739A87D00DB0CBC /* en */,
			);
			name = MainStoryboard.storyboard;
			sourceTree = "<group>";
		};
		66BA313B1739A87D00DB0CBC /* InfoPlist.strings */ = {
			isa = PBXVariantGroup;
			children = (
				66BA313C1739A87D00DB0CBC /* en */,
			);
			name = InfoPlist.strings;
			sourceTree = "<group>";
		};
/* End PBXVariantGroup section */

/* Begin XCBuildConfiguration section */
		66BA31411739A87D00DB0CBC /* Debug */ = {
			isa = XCBuildConfiguration;
			buildSettings = {
				ALWAYS_SEARCH_USER_PATHS = NO;
				CLANG_CXX_LANGUAGE_STANDARD = "gnu++0x";
				CLANG_CXX_LIBRARY = "libc++";
				CLANG_ENABLE_OBJC_ARC = YES;
				CLANG_WARN_CONSTANT_CONVERSION = YES;
				CLANG_WARN_EMPTY_BODY = YES;
				CLANG_WARN_ENUM_CONVERSION = YES;
				CLANG_WARN_INT_CONVERSION = YES;
				CLANG_WARN__DUPLICATE_METHOD_MATCH = YES;
				"CODE_SIGN_IDENTITY[sdk=iphoneos*]" = "iPhone Developer";
				COPY_PHASE_STRIP = NO;
				GCC_C_LANGUAGE_STANDARD = gnu99;
				GCC_DYNAMIC_NO_PIC = NO;
				GCC_OPTIMIZATION_LEVEL = 0;
				GCC_PREPROCESSOR_DEFINITIONS = (
					"DEBUG=1",
					"$(inherited)",
				);
				GCC_SYMBOLS_PRIVATE_EXTERN = NO;
				GCC_WARN_ABOUT_RETURN_TYPE = YES;
				GCC_WARN_UNINITIALIZED_AUTOS = YES;
				GCC_WARN_UNUSED_VARIABLE = YES;
				IPHONEOS_DEPLOYMENT_TARGET = 6.1;
				ONLY_ACTIVE_ARCH = YES;
				SDKROOT = iphoneos;
			};
			name = Debug;
		};
		66BA31421739A87D00DB0CBC /* Release */ = {
			isa = XCBuildConfiguration;
			buildSettings = {
				ALWAYS_SEARCH_USER_PATHS = NO;
				CLANG_CXX_LANGUAGE_STANDARD = "gnu++0x";
				CLANG_CXX_LIBRARY = "libc++";
				CLANG_ENABLE_OBJC_ARC = YES;
				CLANG_WARN_CONSTANT_CONVERSION = YES;
				CLANG_WARN_EMPTY_BODY = YES;
				CLANG_WARN_ENUM_CONVERSION = YES;
				CLANG_WARN_INT_CONVERSION = YES;
				CLANG_WARN__DUPLICATE_METHOD_MATCH = YES;
				"CODE_SIGN_IDENTITY[sdk=iphoneos*]" = "iPhone Developer";
				COPY_PHASE_STRIP = YES;
				GCC_C_LANGUAGE_STANDARD = gnu99;
				GCC_WARN_ABOUT_RETURN_TYPE = YES;
				GCC_WARN_UNINITIALIZED_AUTOS = YES;
				GCC_WARN_UNUSED_VARIABLE = YES;
				IPHONEOS_DEPLOYMENT_TARGET = 6.1;
				OTHER_CFLAGS = "-DNS_BLOCK_ASSERTIONS=1";
				SDKROOT = iphoneos;
				VALIDATE_PRODUCT = YES;
			};
			name = Release;
		};
		66BA31441739A87D00DB0CBC /* Debug */ = {
			isa = XCBuildConfiguration;
			buildSettings = {
				GCC_PRECOMPILE_PREFIX_HEADER = YES;
				GCC_PREFIX_HEADER = "Flotta/Flotta-Prefix.pch";
				INFOPLIST_FILE = "Flotta/Flotta-Info.plist";
				PRODUCT_NAME = "$(TARGET_NAME)";
				WRAPPER_EXTENSION = app;
			};
			name = Debug;
		};
		66BA31451739A87D00DB0CBC /* Release */ = {
			isa = XCBuildConfiguration;
			buildSettings = {
				GCC_PRECOMPILE_PREFIX_HEADER = YES;
				GCC_PREFIX_HEADER = "Flotta/Flotta-Prefix.pch";
				INFOPLIST_FILE = "Flotta/Flotta-Info.plist";
				PRODUCT_NAME = "$(TARGET_NAME)";
				WRAPPER_EXTENSION = app;
			};
			name = Release;
		};
		66BA31471739A87D00DB0CBC /* Debug */ = {
			isa = XCBuildConfiguration;
			buildSettings = {
				BUNDLE_LOADER = "$(BUILT_PRODUCTS_DIR)/Flotta.app/Flotta";
				FRAMEWORK_SEARCH_PATHS = (
					"\"$(SDKROOT)/Developer/Library/Frameworks\"",
					"\"$(DEVELOPER_LIBRARY_DIR)/Frameworks\"",
				);
				GCC_PRECOMPILE_PREFIX_HEADER = YES;
				GCC_PREFIX_HEADER = "Flotta/Flotta-Prefix.pch";
				INFOPLIST_FILE = "FlottaTests/FlottaTests-Info.plist";
				PRODUCT_NAME = "$(TARGET_NAME)";
				TEST_HOST = "$(BUNDLE_LOADER)";
				WRAPPER_EXTENSION = octest;
			};
			name = Debug;
		};
		66BA31481739A87D00DB0CBC /* Release */ = {
			isa = XCBuildConfiguration;
			buildSettings = {
				BUNDLE_LOADER = "$(BUILT_PRODUCTS_DIR)/Flotta.app/Flotta";
				FRAMEWORK_SEARCH_PATHS = (
					"\"$(SDKROOT)/Developer/Library/Frameworks\"",
					"\"$(DEVELOPER_LIBRARY_DIR)/Frameworks\"",
				);
				GCC_PRECOMPILE_PREFIX_HEADER = YES;
				GCC_PREFIX_HEADER = "Flotta/Flotta-Prefix.pch";
				INFOPLIST_FILE = "FlottaTests/FlottaTests-Info.plist";
				PRODUCT_NAME = "$(TARGET_NAME)";
				TEST_HOST = "$(BUNDLE_LOADER)";
				WRAPPER_EXTENSION = octest;
			};
			name = Release;
		};
/* End XCBuildConfiguration section */

/* Begin XCConfigurationList section */
		66BA30FD1739A87D00DB0CBC /* Build configuration list for PBXProject "Flotta" */ = {
			isa = XCConfigurationList;
			buildConfigurations = (
				66BA31411739A87D00DB0CBC /* Debug */,
				66BA31421739A87D00DB0CBC /* Release */,
			);
			defaultConfigurationIsVisible = 0;
			defaultConfigurationName = Release;
		};
		66BA31431739A87D00DB0CBC /* Build configuration list for PBXNativeTarget "Flotta" */ = {
			isa = XCConfigurationList;
			buildConfigurations = (
				66BA31441739A87D00DB0CBC /* Debug */,
				66BA31451739A87D00DB0CBC /* Release */,
			);
			defaultConfigurationIsVisible = 0;
			defaultConfigurationName = Release;
		};
		66BA31461739A87D00DB0CBC /* Build configuration list for PBXNativeTarget "FlottaTests" */ = {
			isa = XCConfigurationList;
			buildConfigurations = (
				66BA31471739A87D00DB0CBC /* Debug */,
				66BA31481739A87D00DB0CBC /* Release */,
			);
			defaultConfigurationIsVisible = 0;
			defaultConfigurationName = Release;
		};
/* End XCConfigurationList section */

/* Begin XCVersionGroup section */
		66BA31221739A87D00DB0CBC /* Flotta.xcdatamodeld */ = {
			isa = XCVersionGroup;
			children = (
				66BA31231739A87D00DB0CBC /* Flotta.xcdatamodel */,
			);
			currentVersion = 66BA31231739A87D00DB0CBC /* Flotta.xcdatamodel */;
			path = Flotta.xcdatamodeld;
			sourceTree = "<group>";
			versionGroupType = wrapper.xcdatamodel;
		};
/* End XCVersionGroup section */
	};
	rootObject = 66BA30FA1739A87D00DB0CBC /* Project object */;
}
